
Microsoft Visual Studio Solution File, Format Version 12.00
# Visual Studio Version 17
VisualStudioVersion = 17.0.32014.148
MinimumVisualStudioVersion = 10.0.40219.1
Project("{FAE04EC0-301F-11D3-BF4B-00C04F79EFBC}") = "be-write", "be-write\be-write.csproj", "{75324AEC-9962-4569-A930-3E10A25F3DFE}"
EndProject
Global
	GlobalSection(SolutionConfigurationPlatforms) = preSolution
		Debug|Any CPU = Debug|Any CPU
		Release|Any CPU = Release|Any CPU
	EndGlobalSection
	GlobalSection(ProjectConfigurationPlatforms) = postSolution
		{75324AEC-9962-4569-A930-3E10A25F3DFE}.Debug|Any CPU.ActiveCfg = Debug|Any CPU
		{75324AEC-9962-4569-A930-3E10A25F3DFE}.Debug|Any CPU.Build.0 = Debug|Any CPU
		{75324AEC-9962-4569-A930-3E10A25F3DFE}.Release|Any CPU.ActiveCfg = Release|Any CPU
		{75324AEC-9962-4569-A930-3E10A25F3DFE}.Release|Any CPU.Build.0 = Release|Any CPU
	EndGlobalSection
	GlobalSection(SolutionProperties) = preSolution
		HideSolutionNode = FALSE
	EndGlobalSection
	GlobalSection(ExtensibilityGlobals) = postSolution
		SolutionGuid = {C91F0449-061B-459E-8640-1E72901009DE}
	EndGlobalSection
EndGlobal
